<?xml version="1.0" encoding="UTF-8"?>
<CodeBlocks_project_file>
	<FileVersion major="1" minor="6"/>
	<Project>
		<Option title="ImageRegistration"/>
		<Option makefile_is_custom="1"/>
		<Option compiler="gcc"/>
		<Option virtualFolders="CMake Files\;CMake Files\..\;CMake Files\..\..\;CMake Files\..\..\..\;CMake Files\..\..\..\..\;CMake Files\..\..\..\..\..\;CMake Files\..\..\..\..\..\..\;CMake Files\..\..\..\..\..\..\usr\;CMake Files\..\..\..\..\..\..\usr\local\;CMake Files\..\..\..\..\..\..\usr\local\share\;CMake Files\..\..\..\..\..\..\usr\local\share\OpenCV\;"/>
		<Build>
			<Target title="all">
				<Option working_dir="/Users/xujian/Workspace/AndroidStudy/CPlusPlus/ImageRegistration"/>
				<Option type="4"/>
				<MakeCommands>
					<Build command="/opt/local/bin/gmake -j8 -f &quot;/Users/xujian/Workspace/AndroidStudy/CPlusPlus/ImageRegistration/Makefile&quot;  VERBOSE=1 all"/>
					<CompileFile command="/opt/local/bin/gmake -j8 -f &quot;/Users/xujian/Workspace/AndroidStudy/CPlusPlus/ImageRegistration/Makefile&quot;  VERBOSE=1 &quot;$file&quot;"/>
					<Clean command="/opt/local/bin/gmake -j8 -f &quot;/Users/xujian/Workspace/AndroidStudy/CPlusPlus/ImageRegistration/Makefile&quot;  VERBOSE=1 clean"/>
					<DistClean command="/opt/local/bin/gmake -j8 -f &quot;/Users/xujian/Workspace/AndroidStudy/CPlusPlus/ImageRegistration/Makefile&quot;  VERBOSE=1 clean"/>
				</MakeCommands>
			</Target>
			<Target title="rebuild_cache">
				<Option working_dir="/Users/xujian/Workspace/AndroidStudy/CPlusPlus/ImageRegistration"/>
				<Option type="4"/>
				<MakeCommands>
					<Build command="/opt/local/bin/gmake -j8 -f &quot;/Users/xujian/Workspace/AndroidStudy/CPlusPlus/ImageRegistration/Makefile&quot;  VERBOSE=1 rebuild_cache"/>
					<CompileFile command="/opt/local/bin/gmake -j8 -f &quot;/Users/xujian/Workspace/AndroidStudy/CPlusPlus/ImageRegistration/Makefile&quot;  VERBOSE=1 &quot;$file&quot;"/>
					<Clean command="/opt/local/bin/gmake -j8 -f &quot;/Users/xujian/Workspace/AndroidStudy/CPlusPlus/ImageRegistration/Makefile&quot;  VERBOSE=1 clean"/>
					<DistClean command="/opt/local/bin/gmake -j8 -f &quot;/Users/xujian/Workspace/AndroidStudy/CPlusPlus/ImageRegistration/Makefile&quot;  VERBOSE=1 clean"/>
				</MakeCommands>
			</Target>
			<Target title="edit_cache">
				<Option working_dir="/Users/xujian/Workspace/AndroidStudy/CPlusPlus/ImageRegistration"/>
				<Option type="4"/>
				<MakeCommands>
					<Build command="/opt/local/bin/gmake -j8 -f &quot;/Users/xujian/Workspace/AndroidStudy/CPlusPlus/ImageRegistration/Makefile&quot;  VERBOSE=1 edit_cache"/>
					<CompileFile command="/opt/local/bin/gmake -j8 -f &quot;/Users/xujian/Workspace/AndroidStudy/CPlusPlus/ImageRegistration/Makefile&quot;  VERBOSE=1 &quot;$file&quot;"/>
					<Clean command="/opt/local/bin/gmake -j8 -f &quot;/Users/xujian/Workspace/AndroidStudy/CPlusPlus/ImageRegistration/Makefile&quot;  VERBOSE=1 clean"/>
					<DistClean command="/opt/local/bin/gmake -j8 -f &quot;/Users/xujian/Workspace/AndroidStudy/CPlusPlus/ImageRegistration/Makefile&quot;  VERBOSE=1 clean"/>
				</MakeCommands>
			</Target>
			<Target title="ImageRegistration">
				<Option output="/Users/xujian/Workspace/AndroidStudy/CPlusPlus/ImageRegistration/ImageRegistration" prefix_auto="0" extension_auto="0"/>
				<Option working_dir="/Users/xujian/Workspace/AndroidStudy/CPlusPlus/ImageRegistration"/>
				<Option object_output="./"/>
				<Option type="1"/>
				<Option compiler="gcc"/>
				<Compiler>
					<Add directory="/usr/local/include"/>
					<Add directory="/usr/local/include/opencv"/>
					<Add directory="/Applications/Xcode.app/Contents/Developer/Toolchains/XcodeDefault.xctoolchain/usr/include/c++/v1"/>
					<Add directory="/Applications/Xcode.app/Contents/Developer/Toolchains/XcodeDefault.xctoolchain/usr/lib/clang/9.0.0/include"/>
					<Add directory="/Applications/Xcode.app/Contents/Developer/Toolchains/XcodeDefault.xctoolchain/usr/include"/>
					<Add directory="/usr/include"/>
					<Add directory="/System/Library/Frameworks"/>
					<Add directory="/Library/Frameworks"/>
				</Compiler>
				<MakeCommands>
					<Build command="/opt/local/bin/gmake -j8 -f &quot;/Users/xujian/Workspace/AndroidStudy/CPlusPlus/ImageRegistration/Makefile&quot;  VERBOSE=1 ImageRegistration"/>
					<CompileFile command="/opt/local/bin/gmake -j8 -f &quot;/Users/xujian/Workspace/AndroidStudy/CPlusPlus/ImageRegistration/Makefile&quot;  VERBOSE=1 &quot;$file&quot;"/>
					<Clean command="/opt/local/bin/gmake -j8 -f &quot;/Users/xujian/Workspace/AndroidStudy/CPlusPlus/ImageRegistration/Makefile&quot;  VERBOSE=1 clean"/>
					<DistClean command="/opt/local/bin/gmake -j8 -f &quot;/Users/xujian/Workspace/AndroidStudy/CPlusPlus/ImageRegistration/Makefile&quot;  VERBOSE=1 clean"/>
				</MakeCommands>
			</Target>
			<Target title="ImageRegistration/fast">
				<Option output="/Users/xujian/Workspace/AndroidStudy/CPlusPlus/ImageRegistration/ImageRegistration" prefix_auto="0" extension_auto="0"/>
				<Option working_dir="/Users/xujian/Workspace/AndroidStudy/CPlusPlus/ImageRegistration"/>
				<Option object_output="./"/>
				<Option type="1"/>
				<Option compiler="gcc"/>
				<Compiler>
					<Add directory="/usr/local/include"/>
					<Add directory="/usr/local/include/opencv"/>
					<Add directory="/Applications/Xcode.app/Contents/Developer/Toolchains/XcodeDefault.xctoolchain/usr/include/c++/v1"/>
					<Add directory="/Applications/Xcode.app/Contents/Developer/Toolchains/XcodeDefault.xctoolchain/usr/lib/clang/9.0.0/include"/>
					<Add directory="/Applications/Xcode.app/Contents/Developer/Toolchains/XcodeDefault.xctoolchain/usr/include"/>
					<Add directory="/usr/include"/>
					<Add directory="/System/Library/Frameworks"/>
					<Add directory="/Library/Frameworks"/>
				</Compiler>
				<MakeCommands>
					<Build command="/opt/local/bin/gmake -j8 -f &quot;/Users/xujian/Workspace/AndroidStudy/CPlusPlus/ImageRegistration/Makefile&quot;  VERBOSE=1 ImageRegistration/fast"/>
					<CompileFile command="/opt/local/bin/gmake -j8 -f &quot;/Users/xujian/Workspace/AndroidStudy/CPlusPlus/ImageRegistration/Makefile&quot;  VERBOSE=1 &quot;$file&quot;"/>
					<Clean command="/opt/local/bin/gmake -j8 -f &quot;/Users/xujian/Workspace/AndroidStudy/CPlusPlus/ImageRegistration/Makefile&quot;  VERBOSE=1 clean"/>
					<DistClean command="/opt/local/bin/gmake -j8 -f &quot;/Users/xujian/Workspace/AndroidStudy/CPlusPlus/ImageRegistration/Makefile&quot;  VERBOSE=1 clean"/>
				</MakeCommands>
			</Target>
		</Build>
		<Unit filename="/Users/xujian/Workspace/AndroidStudy/CPlusPlus/ImageRegistration/StarImage.cpp">
			<Option target="ImageRegistration"/>
		</Unit>
		<Unit filename="/Users/xujian/Workspace/AndroidStudy/CPlusPlus/ImageRegistration/StarImage.h">
			<Option target="ImageRegistration"/>
		</Unit>
		<Unit filename="/Users/xujian/Workspace/AndroidStudy/CPlusPlus/ImageRegistration/StarImagePart.cpp">
			<Option target="ImageRegistration"/>
		</Unit>
		<Unit filename="/Users/xujian/Workspace/AndroidStudy/CPlusPlus/ImageRegistration/StarImagePart.h">
			<Option target="ImageRegistration"/>
		</Unit>
		<Unit filename="/Users/xujian/Workspace/AndroidStudy/CPlusPlus/ImageRegistration/StarImageRegistBuilder.cpp">
			<Option target="ImageRegistration"/>
		</Unit>
		<Unit filename="/Users/xujian/Workspace/AndroidStudy/CPlusPlus/ImageRegistration/StarImageRegistBuilder.h">
			<Option target="ImageRegistration"/>
		</Unit>
		<Unit filename="/Users/xujian/Workspace/AndroidStudy/CPlusPlus/ImageRegistration/Util.cpp">
			<Option target="ImageRegistration"/>
		</Unit>
		<Unit filename="/Users/xujian/Workspace/AndroidStudy/CPlusPlus/ImageRegistration/Util.h">
			<Option target="ImageRegistration"/>
		</Unit>
		<Unit filename="/Users/xujian/Workspace/AndroidStudy/CPlusPlus/ImageRegistration/main.cpp">
			<Option target="ImageRegistration"/>
		</Unit>
		<Unit filename="/Users/xujian/Workspace/AndroidStudy/CPlusPlus/ImageRegistration/CMakeLists.txt">
			<Option virtualFolder="CMake Files\"/>
		</Unit>
		<Unit filename="/Users/xujian/Workspace/AndroidStudy/CPlusPlus/ImageRegistration/../../../../../../usr/local/share/OpenCV/OpenCVConfig-version.cmake">
			<Option virtualFolder="CMake Files\..\..\..\..\..\..\usr\local\share\OpenCV\"/>
		</Unit>
		<Unit filename="/Users/xujian/Workspace/AndroidStudy/CPlusPlus/ImageRegistration/../../../../../../usr/local/share/OpenCV/OpenCVConfig.cmake">
			<Option virtualFolder="CMake Files\..\..\..\..\..\..\usr\local\share\OpenCV\"/>
		</Unit>
		<Unit filename="/Users/xujian/Workspace/AndroidStudy/CPlusPlus/ImageRegistration/../../../../../../usr/local/share/OpenCV/OpenCVModules-release.cmake">
			<Option virtualFolder="CMake Files\..\..\..\..\..\..\usr\local\share\OpenCV\"/>
		</Unit>
		<Unit filename="/Users/xujian/Workspace/AndroidStudy/CPlusPlus/ImageRegistration/../../../../../../usr/local/share/OpenCV/OpenCVModules.cmake">
			<Option virtualFolder="CMake Files\..\..\..\..\..\..\usr\local\share\OpenCV\"/>
		</Unit>
	</Project>
</CodeBlocks_project_file>
